
Microsoft Visual Studio Solution File, Format Version 10.00
# Visual Studio 2008
Project("{FAE04EC0-301F-11D3-BF4B-00C04F79EFBC}") = "CrescentFocusDataFormat", "CrescentFocusDataFormat\CrescentFocusDataFormat.csproj", "{3D7A7624-725A-4B71-BE04-856693ECF03E}"
EndProject
Global
	GlobalSection(SolutionConfigurationPlatforms) = preSolution
		Debug|Any CPU = Debug|Any CPU
		Release|Any CPU = Release|Any CPU
	EndGlobalSection
	GlobalSection(ProjectConfigurationPlatforms) = postSolution
		{3D7A7624-725A-4B71-BE04-856693ECF03E}.Debug|Any CPU.ActiveCfg = Debug|Any CPU
		{3D7A7624-725A-4B71-BE04-856693ECF03E}.Debug|Any CPU.Build.0 = Debug|Any CPU
		{3D7A7624-725A-4B71-BE04-856693ECF03E}.Release|Any CPU.ActiveCfg = Release|Any CPU
		{3D7A7624-725A-4B71-BE04-856693ECF03E}.Release|Any CPU.Build.0 = Release|Any CPU
	EndGlobalSection
	GlobalSection(SolutionProperties) = preSolution
		HideSolutionNode = FALSE
	EndGlobalSection
EndGlobal
